# This file is automatically @generated by Poetry 1.8.3 and should not be changed by hand.

[[package]]
name = "wxpython"
version = "4.2.3"
description = "Cross platform GUI toolkit for Python, \"Phoenix\" version"
optional = false
python-versions = ">=3.9"
files = [
    {file = "wxPython-4.2.3.tar.gz", hash = "sha256:20d6e0c927e27ced85643719bd63e9f7fd501df6e9a8aab1489b039897fd7c01"},
    {file = "wxpython-4.2.3-cp310-cp310-macosx_10_10_x86_64.whl", hash = "sha256:80df5158129577b8b1153b9af28ef18cf738a8f200e87c836a1dfc9ca61f86b7"},
    {file = "wxpython-4.2.3-cp310-cp310-macosx_11_0_arm64.whl", hash = "sha256:c8ce9223d256b69815ef2c64842fb6a70303ab46d262b601382adff053779ab3"},
    {file = "wxpython-4.2.3-cp310-cp310-win32.whl", hash = "sha256:d2cf6a99ec39440298a2c6fbbfd95e386f0ad7d56ae7880553c1ae45709c091a"},
    {file = "wxpython-4.2.3-cp310-cp310-win_amd64.whl", hash = "sha256:8e729d3110a6ed5f6520371bb3cd5f05f993f6b40d5f80ec6446b8678f2fc2ac"},
    {file = "wxpython-4.2.3-cp311-cp311-macosx_10_10_x86_64.whl", hash = "sha256:0a66b0d6fe1d7e8e133fdfdee3cae95f70cc433929f36af08f377e103584f49c"},
    {file = "wxpython-4.2.3-cp311-cp311-macosx_11_0_arm64.whl", hash = "sha256:84a01d90c4514d738a05d9045f62b1f1850fbe8d967b4ae545ba090e74cb1216"},
    {file = "wxpython-4.2.3-cp311-cp311-win32.whl", hash = "sha256:4e5028d7092701ab20b3bef4547d6a7d528d82f12192d72595eeb98b2ebe6364"},
    {file = "wxpython-4.2.3-cp311-cp311-win_amd64.whl", hash = "sha256:9040fe6ae7e0fd1b33c7020c392a08f94d205614a24e23b9c7a3a74a9836140d"},
    {file = "wxpython-4.2.3-cp312-cp312-macosx_10_13_x86_64.whl", hash = "sha256:c007b153ebf74a8429789a5dcb93c76b3901c531b1413695fdb96f222ec207fc"},
    {file = "wxpython-4.2.3-cp312-cp312-macosx_11_0_arm64.whl", hash = "sha256:a7c95c385895b94b4784a78c06a1626329c3552fcc47a78ab88f0a02ffe1e2db"},
    {file = "wxpython-4.2.3-cp312-cp312-win32.whl", hash = "sha256:361db46442376ba1cae4ce9f8fab4081b4d085458f973b4c10b68e04492067ad"},
    {file = "wxpython-4.2.3-cp312-cp312-win_amd64.whl", hash = "sha256:9231853d8a15b0610a6153cbef65f392164c17f234c65916df499619f7e75bd9"},
    {file = "wxpython-4.2.3-cp313-cp313-macosx_10_13_x86_64.whl", hash = "sha256:718a1560e341b5c4755fe9e8a431a1c6796a9d742a4bfce7ebd90d8a71ac0dd4"},
    {file = "wxpython-4.2.3-cp313-cp313-macosx_11_0_arm64.whl", hash = "sha256:a1a367e4242ae83aedbaf2728f622be8ee7aec4721eb4254fe8cf2d86f893bc5"},
    {file = "wxpython-4.2.3-cp313-cp313-win32.whl", hash = "sha256:676aeb82d64d3d3cb94210e882a508bb1013de5fb55917f54f8dd2c1483f9110"},
    {file = "wxpython-4.2.3-cp313-cp313-win_amd64.whl", hash = "sha256:dac14ea1b04d90b403414f0401704beecae0d3e7143755a20da0ac2cfec02bf9"},
    {file = "wxpython-4.2.3-cp39-cp39-macosx_10_10_x86_64.whl", hash = "sha256:0b1b5ac5ced6bc46a4bf9041d16b3e35373a5a0c1dddac9384b59c43d06cc294"},
    {file = "wxpython-4.2.3-cp39-cp39-macosx_11_0_arm64.whl", hash = "sha256:0f73aebf960f0ec6961454841deed242c2d852066ab2c538e617c5eabd95bd7b"},
    {file = "wxpython-4.2.3-cp39-cp39-win32.whl", hash = "sha256:23afd08aa530a5ede0bcee0526ce185e38e28374ef5c3d2f65f058c1d7204f67"},
    {file = "wxpython-4.2.3-cp39-cp39-win_amd64.whl", hash = "sha256:f9d5a08199adb8e66ac15bdd494b398f5fa53e7a31ecd9dc07f522265d61aa47"},
]

[metadata]
lock-version = "2.0"
python-versions = "^3.12.1"
content-hash = "4ce241ba186ccfefc7d98784bf5e0a6b9bde54a6242237becccc89b72781ec67"
